
Microsoft Visual Studio Solution File, Format Version 12.00
# Visual Studio Version 17
VisualStudioVersion = 17.1.32421.90
MinimumVisualStudioVersion = 10.0.40219.1
Project("{FAE04EC0-301F-11D3-BF4B-00C04F79EFBC}") = "LuaGaCompany.Server", "LuaGaCompany\Server\LuaGaCompany.Server.csproj", "{8784B333-44BF-4020-A332-1B2C8670A22A}"
EndProject
Project("{FAE04EC0-301F-11D3-BF4B-00C04F79EFBC}") = "LuaGaCompany.Client", "LuaGaCompany\Client\LuaGaCompany.Client.csproj", "{32C50FB4-3023-4D40-81D1-6B3F04EE63B7}"
EndProject
Project("{FAE04EC0-301F-11D3-BF4B-00C04F79EFBC}") = "LuaGaCompany.Shared", "LuaGaCompany\Shared\LuaGaCompany.Shared.csproj", "{51E1548E-967C-438E-81EE-D436A98F6C81}"
EndProject
Global
	GlobalSection(SolutionConfigurationPlatforms) = preSolution
		Debug|Any CPU = Debug|Any CPU
		Release|Any CPU = Release|Any CPU
	EndGlobalSection
	GlobalSection(ProjectConfigurationPlatforms) = postSolution
		{8784B333-44BF-4020-A332-1B2C8670A22A}.Debug|Any CPU.ActiveCfg = Debug|Any CPU
		{8784B333-44BF-4020-A332-1B2C8670A22A}.Debug|Any CPU.Build.0 = Debug|Any CPU
		{8784B333-44BF-4020-A332-1B2C8670A22A}.Release|Any CPU.ActiveCfg = Release|Any CPU
		{8784B333-44BF-4020-A332-1B2C8670A22A}.Release|Any CPU.Build.0 = Release|Any CPU
		{32C50FB4-3023-4D40-81D1-6B3F04EE63B7}.Debug|Any CPU.ActiveCfg = Debug|Any CPU
		{32C50FB4-3023-4D40-81D1-6B3F04EE63B7}.Debug|Any CPU.Build.0 = Debug|Any CPU
		{32C50FB4-3023-4D40-81D1-6B3F04EE63B7}.Release|Any CPU.ActiveCfg = Release|Any CPU
		{32C50FB4-3023-4D40-81D1-6B3F04EE63B7}.Release|Any CPU.Build.0 = Release|Any CPU
		{51E1548E-967C-438E-81EE-D436A98F6C81}.Debug|Any CPU.ActiveCfg = Debug|Any CPU
		{51E1548E-967C-438E-81EE-D436A98F6C81}.Debug|Any CPU.Build.0 = Debug|Any CPU
		{51E1548E-967C-438E-81EE-D436A98F6C81}.Release|Any CPU.ActiveCfg = Release|Any CPU
		{51E1548E-967C-438E-81EE-D436A98F6C81}.Release|Any CPU.Build.0 = Release|Any CPU
	EndGlobalSection
	GlobalSection(SolutionProperties) = preSolution
		HideSolutionNode = FALSE
	EndGlobalSection
	GlobalSection(ExtensibilityGlobals) = postSolution
		SolutionGuid = {DCA05523-8307-4890-8EC7-2BA4C906606C}
	EndGlobalSection
EndGlobal
